
Microsoft Visual Studio Solution File, Format Version 12.00
# Visual Studio 15
VisualStudioVersion = 15.0.27428.2043
MinimumVisualStudioVersion = 10.0.40219.1
Project("{FAE04EC0-301F-11D3-BF4B-00C04F79EFBC}") = "WindowsFormsControlLibrary2", "WindowsFormsControlLibrary2.csproj", "{23F617CD-FB36-46C0-B206-36449B8DD19D}"
EndProject
Global
	GlobalSection(SolutionConfigurationPlatforms) = preSolution
		Debug|Any CPU = Debug|Any CPU
		Release|Any CPU = Release|Any CPU
	EndGlobalSection
	GlobalSection(ProjectConfigurationPlatforms) = postSolution
		{23F617CD-FB36-46C0-B206-36449B8DD19D}.Debug|Any CPU.ActiveCfg = Debug|Any CPU
		{23F617CD-FB36-46C0-B206-36449B8DD19D}.Debug|Any CPU.Build.0 = Debug|Any CPU
		{23F617CD-FB36-46C0-B206-36449B8DD19D}.Release|Any CPU.ActiveCfg = Release|Any CPU
		{23F617CD-FB36-46C0-B206-36449B8DD19D}.Release|Any CPU.Build.0 = Release|Any CPU
	EndGlobalSection
	GlobalSection(SolutionProperties) = preSolution
		HideSolutionNode = FALSE
	EndGlobalSection
	GlobalSection(ExtensibilityGlobals) = postSolution
		SolutionGuid = {69168A92-513A-4E52-AE11-093DFB980DD3}
	EndGlobalSection
EndGlobal
